
Microsoft Visual Studio Solution File, Format Version 12.00
# Visual Studio 15
VisualStudioVersion = 15.0.26730.12
MinimumVisualStudioVersion = 10.0.40219.1
Project("{FAE04EC0-301F-11D3-BF4B-00C04F79EFBC}") = "AlgoliaMVCSearch", "AlgoliaMVCSearch\AlgoliaMVCSearch.csproj", "{A10054CC-8A0C-44A3-AD37-2D4E2E0E6444}"
EndProject
Global
	GlobalSection(SolutionConfigurationPlatforms) = preSolution
		Debug|Any CPU = Debug|Any CPU
		Release|Any CPU = Release|Any CPU
	EndGlobalSection
	GlobalSection(ProjectConfigurationPlatforms) = postSolution
		{A10054CC-8A0C-44A3-AD37-2D4E2E0E6444}.Debug|Any CPU.ActiveCfg = Debug|Any CPU
		{A10054CC-8A0C-44A3-AD37-2D4E2E0E6444}.Debug|Any CPU.Build.0 = Debug|Any CPU
		{A10054CC-8A0C-44A3-AD37-2D4E2E0E6444}.Release|Any CPU.ActiveCfg = Release|Any CPU
		{A10054CC-8A0C-44A3-AD37-2D4E2E0E6444}.Release|Any CPU.Build.0 = Release|Any CPU
	EndGlobalSection
	GlobalSection(SolutionProperties) = preSolution
		HideSolutionNode = FALSE
	EndGlobalSection
	GlobalSection(ExtensibilityGlobals) = postSolution
		SolutionGuid = {4DE6D5A0-4564-43AF-930F-CD17E3C29223}
	EndGlobalSection
EndGlobal
